// !$*UTF8*$!
{
	archiveVersion = 1;
	classes = {
	};
	objectVersion = 56;
	objects = {

/* Begin PBXBuildFile section */
		7F674AA429501DC90011E71D /* OtdoApp.swift in Sources */ = {isa = PBXBuildFile; fileRef = 7F674AA329501DC90011E71D /* OtdoApp.swift */; };
		7F674AA629501DC90011E71D /* ContentView.swift in Sources */ = {isa = PBXBuildFile; fileRef = 7F674AA529501DC90011E71D /* ContentView.swift */; };
		7F674AA829501DCA0011E71D /* Assets.xcassets in Resources */ = {isa = PBXBuildFile; fileRef = 7F674AA729501DCA0011E71D /* Assets.xcassets */; };
		7F674AAB29501DCA0011E71D /* Preview Assets.xcassets in Resources */ = {isa = PBXBuildFile; fileRef = 7F674AAA29501DCA0011E71D /* Preview Assets.xcassets */; };
		7F674AB329501ED50011E71D /* FirebaseAuth in Frameworks */ = {isa = PBXBuildFile; productRef = 7F674AB229501ED50011E71D /* FirebaseAuth */; };
		7F674AB529501ED50011E71D /* FirebaseFirestore in Frameworks */ = {isa = PBXBuildFile; productRef = 7F674AB429501ED50011E71D /* FirebaseFirestore */; };
		7F674AB729501ED50011E71D /* FirebaseFirestoreSwift in Frameworks */ = {isa = PBXBuildFile; productRef = 7F674AB629501ED50011E71D /* FirebaseFirestoreSwift */; };
		7F674AB929501ED50011E71D /* FirebaseStorage in Frameworks */ = {isa = PBXBuildFile; productRef = 7F674AB829501ED50011E71D /* FirebaseStorage */; };
		7F674ABB29501F8D0011E71D /* GoogleService-Info.plist in Resources */ = {isa = PBXBuildFile; fileRef = 7F674ABA29501F8D0011E71D /* GoogleService-Info.plist */; };
		7F674ABD29501FE70011E71D /* Post.swift in Sources */ = {isa = PBXBuildFile; fileRef = 7F674ABC29501FE70011E71D /* Post.swift */; };
		7F674ABF295023F60011E71D /* Comment.swift in Sources */ = {isa = PBXBuildFile; fileRef = 7F674ABE295023F60011E71D /* Comment.swift */; };
		7F674AC22950241B0011E71D /* UserInfo.swift in Sources */ = {isa = PBXBuildFile; fileRef = 7F674AC12950241B0011E71D /* UserInfo.swift */; };
		7F674AC4295036C90011E71D /* CurrentWeather.swift in Sources */ = {isa = PBXBuildFile; fileRef = 7F674AC3295036C90011E71D /* CurrentWeather.swift */; };
		7F674AC929503BBA0011E71D /* OOTDView.swift in Sources */ = {isa = PBXBuildFile; fileRef = 7F674AC829503BBA0011E71D /* OOTDView.swift */; };
		7F674ACB29503C1A0011E71D /* MyPageView.swift in Sources */ = {isa = PBXBuildFile; fileRef = 7F674ACA29503C1A0011E71D /* MyPageView.swift */; };
		7FDBE1C629514FD5008D607D /* WeatherStore.swift in Sources */ = {isa = PBXBuildFile; fileRef = 7FDBE1C529514FD5008D607D /* WeatherStore.swift */; };
		7FDBE1C829514FE1008D607D /* WebService.swift in Sources */ = {isa = PBXBuildFile; fileRef = 7FDBE1C729514FE1008D607D /* WebService.swift */; };
		9296933D29528BDB00F92D86 /* HourlyWeather.swift in Sources */ = {isa = PBXBuildFile; fileRef = 9296933C29528BDB00F92D86 /* HourlyWeather.swift */; };
		92AEEDD529515F7D00265C1E /* LocationManager.swift in Sources */ = {isa = PBXBuildFile; fileRef = 92AEEDD429515F7D00265C1E /* LocationManager.swift */; };
		92F4C97829514CEC003E70D8 /* PostAddView.swift in Sources */ = {isa = PBXBuildFile; fileRef = 92F4C97629514CEC003E70D8 /* PostAddView.swift */; };
		92F4C97929514CEC003E70D8 /* PostDetailView.swift in Sources */ = {isa = PBXBuildFile; fileRef = 92F4C97729514CEC003E70D8 /* PostDetailView.swift */; };
		AD3EF34029503DBE00837A81 /* ViewRouter.swift in Sources */ = {isa = PBXBuildFile; fileRef = AD3EF33F29503DBE00837A81 /* ViewRouter.swift */; };
		AD3EF34229503DEF00837A81 /* MainView.swift in Sources */ = {isa = PBXBuildFile; fileRef = AD3EF34129503DEF00837A81 /* MainView.swift */; };
		AD3EF34629503F2F00837A81 /* LoginView.swift in Sources */ = {isa = PBXBuildFile; fileRef = AD3EF34529503F2F00837A81 /* LoginView.swift */; };
		AD735CC9295150EE00AD8F61 /* DetailWeatherView.swift in Sources */ = {isa = PBXBuildFile; fileRef = AD735CC8295150EE00AD8F61 /* DetailWeatherView.swift */; };
		AD735CCB2951511B00AD8F61 /* SelectRegionView.swift in Sources */ = {isa = PBXBuildFile; fileRef = AD735CCA2951511B00AD8F61 /* SelectRegionView.swift */; };
		AD735CCD2951513A00AD8F61 /* WeatherView.swift in Sources */ = {isa = PBXBuildFile; fileRef = AD735CCC2951513A00AD8F61 /* WeatherView.swift */; };
		CA41ED0B29516C7E00CAFC1C /* PostStore.swift in Sources */ = {isa = PBXBuildFile; fileRef = CA41ED0A29516C7E00CAFC1C /* PostStore.swift */; };
		EADBF5B029509601004F890F /* RegisterView.swift in Sources */ = {isa = PBXBuildFile; fileRef = EADBF5AF29509601004F890F /* RegisterView.swift */; };
		EADBF5B329509EEA004F890F /* UserInfoStore.swift in Sources */ = {isa = PBXBuildFile; fileRef = EADBF5B229509EEA004F890F /* UserInfoStore.swift */; };
		EAE1D9E3295190A300A3FCE3 /* OOTDPostView.swift in Sources */ = {isa = PBXBuildFile; fileRef = EAE1D9E2295190A300A3FCE3 /* OOTDPostView.swift */; };
		EAE1D9E52951AEE400A3FCE3 /* PostEditView.swift in Sources */ = {isa = PBXBuildFile; fileRef = EAE1D9E42951AEE400A3FCE3 /* PostEditView.swift */; };
/* End PBXBuildFile section */

/* Begin PBXFileReference section */
		7F674AA029501DC90011E71D /* Otdo.app */ = {isa = PBXFileReference; explicitFileType = wrapper.application; includeInIndex = 0; path = Otdo.app; sourceTree = BUILT_PRODUCTS_DIR; };
		7F674AA329501DC90011E71D /* OtdoApp.swift */ = {isa = PBXFileReference; lastKnownFileType = sourcecode.swift; path = OtdoApp.swift; sourceTree = "<group>"; };
		7F674AA529501DC90011E71D /* ContentView.swift */ = {isa = PBXFileReference; lastKnownFileType = sourcecode.swift; path = ContentView.swift; sourceTree = "<group>"; };
		7F674AA729501DCA0011E71D /* Assets.xcassets */ = {isa = PBXFileReference; lastKnownFileType = folder.assetcatalog; path = Assets.xcassets; sourceTree = "<group>"; };
		7F674AAA29501DCA0011E71D /* Preview Assets.xcassets */ = {isa = PBXFileReference; lastKnownFileType = folder.assetcatalog; path = "Preview Assets.xcassets"; sourceTree = "<group>"; };
		7F674ABA29501F8D0011E71D /* GoogleService-Info.plist */ = {isa = PBXFileReference; fileEncoding = 4; lastKnownFileType = text.plist.xml; name = "GoogleService-Info.plist"; path = "../../GoogleService-Info.plist"; sourceTree = "<group>"; };
		7F674ABC29501FE70011E71D /* Post.swift */ = {isa = PBXFileReference; lastKnownFileType = sourcecode.swift; path = Post.swift; sourceTree = "<group>"; };
		7F674ABE295023F60011E71D /* Comment.swift */ = {isa = PBXFileReference; lastKnownFileType = sourcecode.swift; path = Comment.swift; sourceTree = "<group>"; };
		7F674AC12950241B0011E71D /* UserInfo.swift */ = {isa = PBXFileReference; lastKnownFileType = sourcecode.swift; path = UserInfo.swift; sourceTree = "<group>"; };
		7F674AC3295036C90011E71D /* CurrentWeather.swift */ = {isa = PBXFileReference; lastKnownFileType = sourcecode.swift; path = CurrentWeather.swift; sourceTree = "<group>"; };
		7F674AC829503BBA0011E71D /* OOTDView.swift */ = {isa = PBXFileReference; lastKnownFileType = sourcecode.swift; path = OOTDView.swift; sourceTree = "<group>"; };
		7F674ACA29503C1A0011E71D /* MyPageView.swift */ = {isa = PBXFileReference; lastKnownFileType = sourcecode.swift; path = MyPageView.swift; sourceTree = "<group>"; };
		7FDBE1C529514FD5008D607D /* WeatherStore.swift */ = {isa = PBXFileReference; fileEncoding = 4; lastKnownFileType = sourcecode.swift; path = WeatherStore.swift; sourceTree = "<group>"; };
		7FDBE1C729514FE1008D607D /* WebService.swift */ = {isa = PBXFileReference; fileEncoding = 4; lastKnownFileType = sourcecode.swift; path = WebService.swift; sourceTree = "<group>"; };
		9296933C29528BDB00F92D86 /* HourlyWeather.swift */ = {isa = PBXFileReference; lastKnownFileType = sourcecode.swift; path = HourlyWeather.swift; sourceTree = "<group>"; };
		92AEEDD429515F7D00265C1E /* LocationManager.swift */ = {isa = PBXFileReference; lastKnownFileType = sourcecode.swift; path = LocationManager.swift; sourceTree = "<group>"; };
		92F4C97629514CEC003E70D8 /* PostAddView.swift */ = {isa = PBXFileReference; fileEncoding = 4; lastKnownFileType = sourcecode.swift; path = PostAddView.swift; sourceTree = "<group>"; };
		92F4C97729514CEC003E70D8 /* PostDetailView.swift */ = {isa = PBXFileReference; fileEncoding = 4; lastKnownFileType = sourcecode.swift; path = PostDetailView.swift; sourceTree = "<group>"; };
		AD3EF33F29503DBE00837A81 /* ViewRouter.swift */ = {isa = PBXFileReference; lastKnownFileType = sourcecode.swift; path = ViewRouter.swift; sourceTree = "<group>"; };
		AD3EF34129503DEF00837A81 /* MainView.swift */ = {isa = PBXFileReference; lastKnownFileType = sourcecode.swift; path = MainView.swift; sourceTree = "<group>"; };
		AD3EF34529503F2F00837A81 /* LoginView.swift */ = {isa = PBXFileReference; lastKnownFileType = sourcecode.swift; path = LoginView.swift; sourceTree = "<group>"; };
		AD735CC8295150EE00AD8F61 /* DetailWeatherView.swift */ = {isa = PBXFileReference; lastKnownFileType = sourcecode.swift; name = DetailWeatherView.swift; path = ../../../DetailWeatherView.swift; sourceTree = "<group>"; };
		AD735CCA2951511B00AD8F61 /* SelectRegionView.swift */ = {isa = PBXFileReference; lastKnownFileType = sourcecode.swift; name = SelectRegionView.swift; path = ../../../SelectRegionView.swift; sourceTree = "<group>"; };
		AD735CCC2951513A00AD8F61 /* WeatherView.swift */ = {isa = PBXFileReference; lastKnownFileType = sourcecode.swift; path = WeatherView.swift; sourceTree = "<group>"; };
		CA41ED0A29516C7E00CAFC1C /* PostStore.swift */ = {isa = PBXFileReference; lastKnownFileType = sourcecode.swift; path = PostStore.swift; sourceTree = "<group>"; };
		EADBF5AF29509601004F890F /* RegisterView.swift */ = {isa = PBXFileReference; lastKnownFileType = sourcecode.swift; path = RegisterView.swift; sourceTree = "<group>"; };
		EADBF5B229509EEA004F890F /* UserInfoStore.swift */ = {isa = PBXFileReference; lastKnownFileType = sourcecode.swift; path = UserInfoStore.swift; sourceTree = "<group>"; };
		EAE1D9E2295190A300A3FCE3 /* OOTDPostView.swift */ = {isa = PBXFileReference; lastKnownFileType = sourcecode.swift; path = OOTDPostView.swift; sourceTree = "<group>"; };
		EAE1D9E42951AEE400A3FCE3 /* PostEditView.swift */ = {isa = PBXFileReference; lastKnownFileType = sourcecode.swift; path = PostEditView.swift; sourceTree = "<group>"; };
/* End PBXFileReference section */

/* Begin PBXFrameworksBuildPhase section */
		7F674A9D29501DC90011E71D /* Frameworks */ = {
			isa = PBXFrameworksBuildPhase;
			buildActionMask = 2147483647;
			files = (
				7F674AB329501ED50011E71D /* FirebaseAuth in Frameworks */,
				7F674AB929501ED50011E71D /* FirebaseStorage in Frameworks */,
				7F674AB529501ED50011E71D /* FirebaseFirestore in Frameworks */,
				7F674AB729501ED50011E71D /* FirebaseFirestoreSwift in Frameworks */,
			);
			runOnlyForDeploymentPostprocessing = 0;
		};
/* End PBXFrameworksBuildPhase section */

/* Begin PBXGroup section */
		7F674A9729501DC90011E71D = {
			isa = PBXGroup;
			children = (
				7F674AA229501DC90011E71D /* Otdo */,
				7F674AA129501DC90011E71D /* Products */,
			);
			sourceTree = "<group>";
		};
		7F674AA129501DC90011E71D /* Products */ = {
			isa = PBXGroup;
			children = (
				7F674AA029501DC90011E71D /* Otdo.app */,
			);
			name = Products;
			sourceTree = "<group>";
		};
		7F674AA229501DC90011E71D /* Otdo */ = {
			isa = PBXGroup;
			children = (
				7F674ABA29501F8D0011E71D /* GoogleService-Info.plist */,
				7F674AA329501DC90011E71D /* OtdoApp.swift */,
				AD3EF33F29503DBE00837A81 /* ViewRouter.swift */,
				7F674AC0295024040011E71D /* Models */,
				7F674AC529503B160011E71D /* Views */,
				EADBF5B129509EBF004F890F /* ViewModel */,
				7F674AA729501DCA0011E71D /* Assets.xcassets */,
				7F674AA929501DCA0011E71D /* Preview Content */,
			);
			path = Otdo;
			sourceTree = "<group>";
		};
		7F674AA929501DCA0011E71D /* Preview Content */ = {
			isa = PBXGroup;
			children = (
				7F674AAA29501DCA0011E71D /* Preview Assets.xcassets */,
			);
			path = "Preview Content";
			sourceTree = "<group>";
		};
		7F674AC0295024040011E71D /* Models */ = {
			isa = PBXGroup;
			children = (
				7F674ABC29501FE70011E71D /* Post.swift */,
				7F674ABE295023F60011E71D /* Comment.swift */,
				7FDBE1C529514FD5008D607D /* WeatherStore.swift */,
				7FDBE1C729514FE1008D607D /* WebService.swift */,
				7F674AC12950241B0011E71D /* UserInfo.swift */,
				7F674AC3295036C90011E71D /* CurrentWeather.swift */,
				9296933C29528BDB00F92D86 /* HourlyWeather.swift */,
			);
			path = Models;
			sourceTree = "<group>";
		};
		7F674AC529503B160011E71D /* Views */ = {
			isa = PBXGroup;
			children = (
				7F674AA529501DC90011E71D /* ContentView.swift */,
				AD3EF34129503DEF00837A81 /* MainView.swift */,
				92F4C957295142EB003E70D8 /* WeatherViews */,
				AD735CC32951447F00AD8F61 /* LoginViews */,
				AD735CC4295144BF00AD8F61 /* OOTDViews */,
				92F4C97529514CEC003E70D8 /* PostViews */,
				AD735CC72951450E00AD8F61 /* MyPageViews */,
			);
			path = Views;
			sourceTree = "<group>";
		};
		92F4C957295142EB003E70D8 /* WeatherViews */ = {
			isa = PBXGroup;
			children = (
				AD735CC8295150EE00AD8F61 /* DetailWeatherView.swift */,
				AD735CCA2951511B00AD8F61 /* SelectRegionView.swift */,
				AD735CCC2951513A00AD8F61 /* WeatherView.swift */,
			);
			path = WeatherViews;
			sourceTree = "<group>";
		};
		92F4C97529514CEC003E70D8 /* PostViews */ = {
			isa = PBXGroup;
			children = (
				92F4C97629514CEC003E70D8 /* PostAddView.swift */,
				EAE1D9E42951AEE400A3FCE3 /* PostEditView.swift */,
				92F4C97729514CEC003E70D8 /* PostDetailView.swift */,
			);
			name = PostViews;
			path = Otdo/PostViews;
			sourceTree = SOURCE_ROOT;
		};
		AD735CC32951447F00AD8F61 /* LoginViews */ = {
			isa = PBXGroup;
			children = (
				AD3EF34529503F2F00837A81 /* LoginView.swift */,
				EADBF5AF29509601004F890F /* RegisterView.swift */,
			);
			path = LoginViews;
			sourceTree = "<group>";
		};
		AD735CC4295144BF00AD8F61 /* OOTDViews */ = {
			isa = PBXGroup;
			children = (
				7F674AC829503BBA0011E71D /* OOTDView.swift */,
				EAE1D9E2295190A300A3FCE3 /* OOTDPostView.swift */,
			);
			path = OOTDViews;
			sourceTree = "<group>";
		};
		AD735CC72951450E00AD8F61 /* MyPageViews */ = {
			isa = PBXGroup;
			children = (
				7F674ACA29503C1A0011E71D /* MyPageView.swift */,
			);
			path = MyPageViews;
			sourceTree = "<group>";
		};
		EADBF5B129509EBF004F890F /* ViewModel */ = {
			isa = PBXGroup;
			children = (
				92AEEDD429515F7D00265C1E /* LocationManager.swift */,
				EADBF5B229509EEA004F890F /* UserInfoStore.swift */,
				CA41ED0A29516C7E00CAFC1C /* PostStore.swift */,
			);
			path = ViewModel;
			sourceTree = "<group>";
		};
/* End PBXGroup section */

/* Begin PBXNativeTarget section */
		7F674A9F29501DC90011E71D /* Otdo */ = {
			isa = PBXNativeTarget;
			buildConfigurationList = 7F674AAE29501DCA0011E71D /* Build configuration list for PBXNativeTarget "Otdo" */;
			buildPhases = (
				7F674A9C29501DC90011E71D /* Sources */,
				7F674A9D29501DC90011E71D /* Frameworks */,
				7F674A9E29501DC90011E71D /* Resources */,
			);
			buildRules = (
			);
			dependencies = (
			);
			name = Otdo;
			packageProductDependencies = (
				7F674AB229501ED50011E71D /* FirebaseAuth */,
				7F674AB429501ED50011E71D /* FirebaseFirestore */,
				7F674AB629501ED50011E71D /* FirebaseFirestoreSwift */,
				7F674AB829501ED50011E71D /* FirebaseStorage */,
			);
			productName = Otdo;
			productReference = 7F674AA029501DC90011E71D /* Otdo.app */;
			productType = "com.apple.product-type.application";
		};
/* End PBXNativeTarget section */

/* Begin PBXProject section */
		7F674A9829501DC90011E71D /* Project object */ = {
			isa = PBXProject;
			attributes = {
				BuildIndependentTargetsInParallel = 1;
				LastSwiftUpdateCheck = 1420;
				LastUpgradeCheck = 1420;
				TargetAttributes = {
					7F674A9F29501DC90011E71D = {
						CreatedOnToolsVersion = 14.2;
					};
				};
			};
			buildConfigurationList = 7F674A9B29501DC90011E71D /* Build configuration list for PBXProject "Otdo" */;
			compatibilityVersion = "Xcode 14.0";
			developmentRegion = en;
			hasScannedForEncodings = 0;
			knownRegions = (
				en,
				Base,
			);
			mainGroup = 7F674A9729501DC90011E71D;
			packageReferences = (
				7F674AB129501ED50011E71D /* XCRemoteSwiftPackageReference "firebase-ios-sdk" */,
			);
			productRefGroup = 7F674AA129501DC90011E71D /* Products */;
			projectDirPath = "";
			projectRoot = "";
			targets = (
				7F674A9F29501DC90011E71D /* Otdo */,
			);
		};
/* End PBXProject section */

/* Begin PBXResourcesBuildPhase section */
		7F674A9E29501DC90011E71D /* Resources */ = {
			isa = PBXResourcesBuildPhase;
			buildActionMask = 2147483647;
			files = (
				7F674AAB29501DCA0011E71D /* Preview Assets.xcassets in Resources */,
				7F674AA829501DCA0011E71D /* Assets.xcassets in Resources */,
				7F674ABB29501F8D0011E71D /* GoogleService-Info.plist in Resources */,
			);
			runOnlyForDeploymentPostprocessing = 0;
		};
/* End PBXResourcesBuildPhase section */

/* Begin PBXSourcesBuildPhase section */
		7F674A9C29501DC90011E71D /* Sources */ = {
			isa = PBXSourcesBuildPhase;
			buildActionMask = 2147483647;
			files = (
				EADBF5B329509EEA004F890F /* UserInfoStore.swift in Sources */,
				7F674ABD29501FE70011E71D /* Post.swift in Sources */,
				7F674AA629501DC90011E71D /* ContentView.swift in Sources */,
				EADBF5B029509601004F890F /* RegisterView.swift in Sources */,
				7F674AC929503BBA0011E71D /* OOTDView.swift in Sources */,
				7F674AA429501DC90011E71D /* OtdoApp.swift in Sources */,
				7F674AC22950241B0011E71D /* UserInfo.swift in Sources */,
				7FDBE1C829514FE1008D607D /* WebService.swift in Sources */,
				CA41ED0B29516C7E00CAFC1C /* PostStore.swift in Sources */,
				92F4C97929514CEC003E70D8 /* PostDetailView.swift in Sources */,
				AD3EF34029503DBE00837A81 /* ViewRouter.swift in Sources */,
				AD735CC9295150EE00AD8F61 /* DetailWeatherView.swift in Sources */,
				AD735CCD2951513A00AD8F61 /* WeatherView.swift in Sources */,
				9296933D29528BDB00F92D86 /* HourlyWeather.swift in Sources */,
				AD735CCB2951511B00AD8F61 /* SelectRegionView.swift in Sources */,
				7F674ACB29503C1A0011E71D /* MyPageView.swift in Sources */,
				AD3EF34229503DEF00837A81 /* MainView.swift in Sources */,
				7F674AC4295036C90011E71D /* CurrentWeather.swift in Sources */,
				AD3EF34629503F2F00837A81 /* LoginView.swift in Sources */,
				EAE1D9E3295190A300A3FCE3 /* OOTDPostView.swift in Sources */,
				92AEEDD529515F7D00265C1E /* LocationManager.swift in Sources */,
				EAE1D9E52951AEE400A3FCE3 /* PostEditView.swift in Sources */,
				7FDBE1C629514FD5008D607D /* WeatherStore.swift in Sources */,
				92F4C97829514CEC003E70D8 /* PostAddView.swift in Sources */,
				7F674ABF295023F60011E71D /* Comment.swift in Sources */,
			);
			runOnlyForDeploymentPostprocessing = 0;
		};
/* End PBXSourcesBuildPhase section */

/* Begin XCBuildConfiguration section */
		7F674AAC29501DCA0011E71D /* Debug */ = {
			isa = XCBuildConfiguration;
			buildSettings = {
				ALWAYS_SEARCH_USER_PATHS = NO;
				CLANG_ANALYZER_NONNULL = YES;
				CLANG_ANALYZER_NUMBER_OBJECT_CONVERSION = YES_AGGRESSIVE;
				CLANG_CXX_LANGUAGE_STANDARD = "gnu++20";
				CLANG_ENABLE_MODULES = YES;
				CLANG_ENABLE_OBJC_ARC = YES;
				CLANG_ENABLE_OBJC_WEAK = YES;
				CLANG_WARN_BLOCK_CAPTURE_AUTORELEASING = YES;
				CLANG_WARN_BOOL_CONVERSION = YES;
				CLANG_WARN_COMMA = YES;
				CLANG_WARN_CONSTANT_CONVERSION = YES;
				CLANG_WARN_DEPRECATED_OBJC_IMPLEMENTATIONS = YES;
				CLANG_WARN_DIRECT_OBJC_ISA_USAGE = YES_ERROR;
				CLANG_WARN_DOCUMENTATION_COMMENTS = YES;
				CLANG_WARN_EMPTY_BODY = YES;
				CLANG_WARN_ENUM_CONVERSION = YES;
				CLANG_WARN_INFINITE_RECURSION = YES;
				CLANG_WARN_INT_CONVERSION = YES;
				CLANG_WARN_NON_LITERAL_NULL_CONVERSION = YES;
				CLANG_WARN_OBJC_IMPLICIT_RETAIN_SELF = YES;
				CLANG_WARN_OBJC_LITERAL_CONVERSION = YES;
				CLANG_WARN_OBJC_ROOT_CLASS = YES_ERROR;
				CLANG_WARN_QUOTED_INCLUDE_IN_FRAMEWORK_HEADER = YES;
				CLANG_WARN_RANGE_LOOP_ANALYSIS = YES;
				CLANG_WARN_STRICT_PROTOTYPES = YES;
				CLANG_WARN_SUSPICIOUS_MOVE = YES;
				CLANG_WARN_UNGUARDED_AVAILABILITY = YES_AGGRESSIVE;
				CLANG_WARN_UNREACHABLE_CODE = YES;
				CLANG_WARN__DUPLICATE_METHOD_MATCH = YES;
				COPY_PHASE_STRIP = NO;
				DEBUG_INFORMATION_FORMAT = dwarf;
				ENABLE_STRICT_OBJC_MSGSEND = YES;
				ENABLE_TESTABILITY = YES;
				GCC_C_LANGUAGE_STANDARD = gnu11;
				GCC_DYNAMIC_NO_PIC = NO;
				GCC_NO_COMMON_BLOCKS = YES;
				GCC_OPTIMIZATION_LEVEL = 0;
				GCC_PREPROCESSOR_DEFINITIONS = (
					"DEBUG=1",
					"$(inherited)",
				);
				GCC_WARN_64_TO_32_BIT_CONVERSION = YES;
				GCC_WARN_ABOUT_RETURN_TYPE = YES_ERROR;
				GCC_WARN_UNDECLARED_SELECTOR = YES;
				GCC_WARN_UNINITIALIZED_AUTOS = YES_AGGRESSIVE;
				GCC_WARN_UNUSED_FUNCTION = YES;
				GCC_WARN_UNUSED_VARIABLE = YES;
				IPHONEOS_DEPLOYMENT_TARGET = 16.2;
				MTL_ENABLE_DEBUG_INFO = INCLUDE_SOURCE;
				MTL_FAST_MATH = YES;
				ONLY_ACTIVE_ARCH = YES;
				SDKROOT = iphoneos;
				SWIFT_ACTIVE_COMPILATION_CONDITIONS = DEBUG;
				SWIFT_OPTIMIZATION_LEVEL = "-Onone";
			};
			name = Debug;
		};
		7F674AAD29501DCA0011E71D /* Release */ = {
			isa = XCBuildConfiguration;
			buildSettings = {
				ALWAYS_SEARCH_USER_PATHS = NO;
				CLANG_ANALYZER_NONNULL = YES;
				CLANG_ANALYZER_NUMBER_OBJECT_CONVERSION = YES_AGGRESSIVE;
				CLANG_CXX_LANGUAGE_STANDARD = "gnu++20";
				CLANG_ENABLE_MODULES = YES;
				CLANG_ENABLE_OBJC_ARC = YES;
				CLANG_ENABLE_OBJC_WEAK = YES;
				CLANG_WARN_BLOCK_CAPTURE_AUTORELEASING = YES;
				CLANG_WARN_BOOL_CONVERSION = YES;
				CLANG_WARN_COMMA = YES;
				CLANG_WARN_CONSTANT_CONVERSION = YES;
				CLANG_WARN_DEPRECATED_OBJC_IMPLEMENTATIONS = YES;
				CLANG_WARN_DIRECT_OBJC_ISA_USAGE = YES_ERROR;
				CLANG_WARN_DOCUMENTATION_COMMENTS = YES;
				CLANG_WARN_EMPTY_BODY = YES;
				CLANG_WARN_ENUM_CONVERSION = YES;
				CLANG_WARN_INFINITE_RECURSION = YES;
				CLANG_WARN_INT_CONVERSION = YES;
				CLANG_WARN_NON_LITERAL_NULL_CONVERSION = YES;
				CLANG_WARN_OBJC_IMPLICIT_RETAIN_SELF = YES;
				CLANG_WARN_OBJC_LITERAL_CONVERSION = YES;
				CLANG_WARN_OBJC_ROOT_CLASS = YES_ERROR;
				CLANG_WARN_QUOTED_INCLUDE_IN_FRAMEWORK_HEADER = YES;
				CLANG_WARN_RANGE_LOOP_ANALYSIS = YES;
				CLANG_WARN_STRICT_PROTOTYPES = YES;
				CLANG_WARN_SUSPICIOUS_MOVE = YES;
				CLANG_WARN_UNGUARDED_AVAILABILITY = YES_AGGRESSIVE;
				CLANG_WARN_UNREACHABLE_CODE = YES;
				CLANG_WARN__DUPLICATE_METHOD_MATCH = YES;
				COPY_PHASE_STRIP = NO;
				DEBUG_INFORMATION_FORMAT = "dwarf-with-dsym";
				ENABLE_NS_ASSERTIONS = NO;
				ENABLE_STRICT_OBJC_MSGSEND = YES;
				GCC_C_LANGUAGE_STANDARD = gnu11;
				GCC_NO_COMMON_BLOCKS = YES;
				GCC_WARN_64_TO_32_BIT_CONVERSION = YES;
				GCC_WARN_ABOUT_RETURN_TYPE = YES_ERROR;
				GCC_WARN_UNDECLARED_SELECTOR = YES;
				GCC_WARN_UNINITIALIZED_AUTOS = YES_AGGRESSIVE;
				GCC_WARN_UNUSED_FUNCTION = YES;
				GCC_WARN_UNUSED_VARIABLE = YES;
				IPHONEOS_DEPLOYMENT_TARGET = 16.2;
				MTL_ENABLE_DEBUG_INFO = NO;
				MTL_FAST_MATH = YES;
				SDKROOT = iphoneos;
				SWIFT_COMPILATION_MODE = wholemodule;
				SWIFT_OPTIMIZATION_LEVEL = "-O";
				VALIDATE_PRODUCT = YES;
			};
			name = Release;
		};
		7F674AAF29501DCA0011E71D /* Debug */ = {
			isa = XCBuildConfiguration;
			buildSettings = {
				ASSETCATALOG_COMPILER_APPICON_NAME = AppIcon;
				ASSETCATALOG_COMPILER_GLOBAL_ACCENT_COLOR_NAME = AccentColor;
				CODE_SIGN_STYLE = Automatic;
				CURRENT_PROJECT_VERSION = 1;
				DEVELOPMENT_ASSET_PATHS = "\"Otdo/Preview Content\"";
				ENABLE_PREVIEWS = YES;
				GENERATE_INFOPLIST_FILE = YES;
				INFOPLIST_KEY_NSLocationWhenInUseUsageDescription = "MapChat needs your location to show you other users";
				INFOPLIST_KEY_UIApplicationSceneManifest_Generation = YES;
				INFOPLIST_KEY_UIApplicationSupportsIndirectInputEvents = YES;
				INFOPLIST_KEY_UILaunchScreen_Generation = YES;
				INFOPLIST_KEY_UISupportedInterfaceOrientations_iPad = "UIInterfaceOrientationPortrait UIInterfaceOrientationPortraitUpsideDown UIInterfaceOrientationLandscapeLeft UIInterfaceOrientationLandscapeRight";
				INFOPLIST_KEY_UISupportedInterfaceOrientations_iPhone = "UIInterfaceOrientationPortrait UIInterfaceOrientationLandscapeLeft UIInterfaceOrientationLandscapeRight";
				IPHONEOS_DEPLOYMENT_TARGET = 16.0;
				LD_RUNPATH_SEARCH_PATHS = (
					"$(inherited)",
					"@executable_path/Frameworks",
				);
				MARKETING_VERSION = 1.0;
				PRODUCT_BUNDLE_IDENTIFIER = com.codelion.Otdo;
				PRODUCT_NAME = "$(TARGET_NAME)";
				SWIFT_EMIT_LOC_STRINGS = YES;
				SWIFT_VERSION = 5.0;
				TARGETED_DEVICE_FAMILY = "1,2";
			};
			name = Debug;
		};
		7F674AB029501DCA0011E71D /* Release */ = {
			isa = XCBuildConfiguration;
			buildSettings = {
				ASSETCATALOG_COMPILER_APPICON_NAME = AppIcon;
				ASSETCATALOG_COMPILER_GLOBAL_ACCENT_COLOR_NAME = AccentColor;
				CODE_SIGN_STYLE = Automatic;
				CURRENT_PROJECT_VERSION = 1;
				DEVELOPMENT_ASSET_PATHS = "\"Otdo/Preview Content\"";
				ENABLE_PREVIEWS = YES;
				GENERATE_INFOPLIST_FILE = YES;
				INFOPLIST_KEY_NSLocationWhenInUseUsageDescription = "MapChat needs your location to show you other users";
				INFOPLIST_KEY_UIApplicationSceneManifest_Generation = YES;
				INFOPLIST_KEY_UIApplicationSupportsIndirectInputEvents = YES;
				INFOPLIST_KEY_UILaunchScreen_Generation = YES;
				INFOPLIST_KEY_UISupportedInterfaceOrientations_iPad = "UIInterfaceOrientationPortrait UIInterfaceOrientationPortraitUpsideDown UIInterfaceOrientationLandscapeLeft UIInterfaceOrientationLandscapeRight";
				INFOPLIST_KEY_UISupportedInterfaceOrientations_iPhone = "UIInterfaceOrientationPortrait UIInterfaceOrientationLandscapeLeft UIInterfaceOrientationLandscapeRight";
				IPHONEOS_DEPLOYMENT_TARGET = 16.0;
				LD_RUNPATH_SEARCH_PATHS = (
					"$(inherited)",
					"@executable_path/Frameworks",
				);
				MARKETING_VERSION = 1.0;
				PRODUCT_BUNDLE_IDENTIFIER = com.codelion.Otdo;
				PRODUCT_NAME = "$(TARGET_NAME)";
				SWIFT_EMIT_LOC_STRINGS = YES;
				SWIFT_VERSION = 5.0;
				TARGETED_DEVICE_FAMILY = "1,2";
			};
			name = Release;
		};
/* End XCBuildConfiguration section */

/* Begin XCConfigurationList section */
		7F674A9B29501DC90011E71D /* Build configuration list for PBXProject "Otdo" */ = {
			isa = XCConfigurationList;
			buildConfigurations = (
				7F674AAC29501DCA0011E71D /* Debug */,
				7F674AAD29501DCA0011E71D /* Release */,
			);
			defaultConfigurationIsVisible = 0;
			defaultConfigurationName = Release;
		};
		7F674AAE29501DCA0011E71D /* Build configuration list for PBXNativeTarget "Otdo" */ = {
			isa = XCConfigurationList;
			buildConfigurations = (
				7F674AAF29501DCA0011E71D /* Debug */,
				7F674AB029501DCA0011E71D /* Release */,
			);
			defaultConfigurationIsVisible = 0;
			defaultConfigurationName = Release;
		};
/* End XCConfigurationList section */

/* Begin XCRemoteSwiftPackageReference section */
		7F674AB129501ED50011E71D /* XCRemoteSwiftPackageReference "firebase-ios-sdk" */ = {
			isa = XCRemoteSwiftPackageReference;
			repositoryURL = "https://github.com/firebase/firebase-ios-sdk";
			requirement = {
				kind = upToNextMajorVersion;
				minimumVersion = 9.0.0;
			};
		};
/* End XCRemoteSwiftPackageReference section */

/* Begin XCSwiftPackageProductDependency section */
		7F674AB229501ED50011E71D /* FirebaseAuth */ = {
			isa = XCSwiftPackageProductDependency;
			package = 7F674AB129501ED50011E71D /* XCRemoteSwiftPackageReference "firebase-ios-sdk" */;
			productName = FirebaseAuth;
		};
		7F674AB429501ED50011E71D /* FirebaseFirestore */ = {
			isa = XCSwiftPackageProductDependency;
			package = 7F674AB129501ED50011E71D /* XCRemoteSwiftPackageReference "firebase-ios-sdk" */;
			productName = FirebaseFirestore;
		};
		7F674AB629501ED50011E71D /* FirebaseFirestoreSwift */ = {
			isa = XCSwiftPackageProductDependency;
			package = 7F674AB129501ED50011E71D /* XCRemoteSwiftPackageReference "firebase-ios-sdk" */;
			productName = FirebaseFirestoreSwift;
		};
		7F674AB829501ED50011E71D /* FirebaseStorage */ = {
			isa = XCSwiftPackageProductDependency;
			package = 7F674AB129501ED50011E71D /* XCRemoteSwiftPackageReference "firebase-ios-sdk" */;
			productName = FirebaseStorage;
		};
/* End XCSwiftPackageProductDependency section */
	};
	rootObject = 7F674A9829501DC90011E71D /* Project object */;
}
